
Microsoft Visual Studio Solution File, Format Version 12.00
# Visual Studio Version 16
VisualStudioVersion = 16.0.31205.134
MinimumVisualStudioVersion = 10.0.40219.1
Project("{9A19103F-16F7-4668-BE54-9A1E7A4F7556}") = "APIPersonal.Application", "APIPersonal.Application\APIPersonal.Application.csproj", "{3CE7E7FA-FE51-4FEF-9F76-922E584538C0}"
EndProject
Project("{9A19103F-16F7-4668-BE54-9A1E7A4F7556}") = "APIPersonal.Domain", "APIPersonal.Domain\APIPersonal.Domain.csproj", "{00522CDE-AB6E-4CE3-9BA6-D7493E5BD072}"
EndProject
Project("{9A19103F-16F7-4668-BE54-9A1E7A4F7556}") = "APIPersonal.Infrastructure", "APIPersonal.Infrastructure\APIPersonal.Infrastructure.csproj", "{24DAD65B-2491-4D97-AC35-0698E5D399E8}"
EndProject
Project("{9A19103F-16F7-4668-BE54-9A1E7A4F7556}") = "APIPersonal.Common", "APIPersonal.Common\APIPersonal.Common.csproj", "{D2AAE880-71A1-4D2A-A51C-9728B2D0EBD6}"
EndProject
Global
	GlobalSection(SolutionConfigurationPlatforms) = preSolution
		Debug|Any CPU = Debug|Any CPU
		Release|Any CPU = Release|Any CPU
	EndGlobalSection
	GlobalSection(ProjectConfigurationPlatforms) = postSolution
		{3CE7E7FA-FE51-4FEF-9F76-922E584538C0}.Debug|Any CPU.ActiveCfg = Debug|Any CPU
		{3CE7E7FA-FE51-4FEF-9F76-922E584538C0}.Debug|Any CPU.Build.0 = Debug|Any CPU
		{3CE7E7FA-FE51-4FEF-9F76-922E584538C0}.Release|Any CPU.ActiveCfg = Release|Any CPU
		{3CE7E7FA-FE51-4FEF-9F76-922E584538C0}.Release|Any CPU.Build.0 = Release|Any CPU
		{00522CDE-AB6E-4CE3-9BA6-D7493E5BD072}.Debug|Any CPU.ActiveCfg = Debug|Any CPU
		{00522CDE-AB6E-4CE3-9BA6-D7493E5BD072}.Debug|Any CPU.Build.0 = Debug|Any CPU
		{00522CDE-AB6E-4CE3-9BA6-D7493E5BD072}.Release|Any CPU.ActiveCfg = Release|Any CPU
		{00522CDE-AB6E-4CE3-9BA6-D7493E5BD072}.Release|Any CPU.Build.0 = Release|Any CPU
		{24DAD65B-2491-4D97-AC35-0698E5D399E8}.Debug|Any CPU.ActiveCfg = Debug|Any CPU
		{24DAD65B-2491-4D97-AC35-0698E5D399E8}.Debug|Any CPU.Build.0 = Debug|Any CPU
		{24DAD65B-2491-4D97-AC35-0698E5D399E8}.Release|Any CPU.ActiveCfg = Release|Any CPU
		{24DAD65B-2491-4D97-AC35-0698E5D399E8}.Release|Any CPU.Build.0 = Release|Any CPU
		{D2AAE880-71A1-4D2A-A51C-9728B2D0EBD6}.Debug|Any CPU.ActiveCfg = Debug|Any CPU
		{D2AAE880-71A1-4D2A-A51C-9728B2D0EBD6}.Debug|Any CPU.Build.0 = Debug|Any CPU
		{D2AAE880-71A1-4D2A-A51C-9728B2D0EBD6}.Release|Any CPU.ActiveCfg = Release|Any CPU
		{D2AAE880-71A1-4D2A-A51C-9728B2D0EBD6}.Release|Any CPU.Build.0 = Release|Any CPU
	EndGlobalSection
	GlobalSection(SolutionProperties) = preSolution
		HideSolutionNode = FALSE
	EndGlobalSection
	GlobalSection(ExtensibilityGlobals) = postSolution
		SolutionGuid = {BA843966-E580-47E6-9F42-1B04CF40A5B0}
	EndGlobalSection
EndGlobal
