
Microsoft Visual Studio Solution File, Format Version 12.00
# Visual Studio Version 16
VisualStudioVersion = 16.0.31205.134
MinimumVisualStudioVersion = 10.0.40219.1
Project("{FAE04EC0-301F-11D3-BF4B-00C04F79EFBC}") = "APIPersonal.Application", "APIPersonal.Application\APIPersonal.Application.csproj", "{3CE7E7FA-FE51-4FEF-9F76-922E584538C0}"
EndProject
Global
	GlobalSection(SolutionConfigurationPlatforms) = preSolution
		Debug|Any CPU = Debug|Any CPU
		Release|Any CPU = Release|Any CPU
	EndGlobalSection
	GlobalSection(ProjectConfigurationPlatforms) = postSolution
		{3CE7E7FA-FE51-4FEF-9F76-922E584538C0}.Debug|Any CPU.ActiveCfg = Debug|Any CPU
		{3CE7E7FA-FE51-4FEF-9F76-922E584538C0}.Debug|Any CPU.Build.0 = Debug|Any CPU
		{3CE7E7FA-FE51-4FEF-9F76-922E584538C0}.Release|Any CPU.ActiveCfg = Release|Any CPU
		{3CE7E7FA-FE51-4FEF-9F76-922E584538C0}.Release|Any CPU.Build.0 = Release|Any CPU
	EndGlobalSection
	GlobalSection(SolutionProperties) = preSolution
		HideSolutionNode = FALSE
	EndGlobalSection
	GlobalSection(ExtensibilityGlobals) = postSolution
		SolutionGuid = {BA843966-E580-47E6-9F42-1B04CF40A5B0}
	EndGlobalSection
EndGlobal
